// !$*UTF8*$!
{
	archiveVersion = 1;
	classes = {
	};
	objectVersion = 46;
	objects = {

/* Begin PBXBuildFile section */
		3EDEC75B1B663643009FC4D8 /* main.m in Sources */ = {isa = PBXBuildFile; fileRef = 3EDEC75A1B663643009FC4D8 /* main.m */; };
		3EDEC75E1B663643009FC4D8 /* AppDelegate.m in Sources */ = {isa = PBXBuildFile; fileRef = 3EDEC75D1B663643009FC4D8 /* AppDelegate.m */; };
		3EDEC7641B663643009FC4D8 /* Main.storyboard in Resources */ = {isa = PBXBuildFile; fileRef = 3EDEC7621B663643009FC4D8 /* Main.storyboard */; };
		3EDEC7661B663643009FC4D8 /* Images.xcassets in Resources */ = {isa = PBXBuildFile; fileRef = 3EDEC7651B663643009FC4D8 /* Images.xcassets */; };
		3EDEC7691B663643009FC4D8 /* LaunchScreen.xib in Resources */ = {isa = PBXBuildFile; fileRef = 3EDEC7671B663643009FC4D8 /* LaunchScreen.xib */; };
		3EDEC7751B663643009FC4D8 /* GLPGSMapAppTests.m in Sources */ = {isa = PBXBuildFile; fileRef = 3EDEC7741B663643009FC4D8 /* GLPGSMapAppTests.m */; };
		3EDEC7801B663732009FC4D8 /* MapKit.framework in Frameworks */ = {isa = PBXBuildFile; fileRef = 3EDEC77F1B663732009FC4D8 /* MapKit.framework */; };
		3EDEC7821B66374B009FC4D8 /* CoreLocation.framework in Frameworks */ = {isa = PBXBuildFile; fileRef = 3EDEC7811B66374B009FC4D8 /* CoreLocation.framework */; };
		3EDEC7841B663750009FC4D8 /* QuartzCore.framework in Frameworks */ = {isa = PBXBuildFile; fileRef = 3EDEC7831B663750009FC4D8 /* QuartzCore.framework */; };
		3EFE32881B68A08E001A0FB7 /* ViewController.m in Sources */ = {isa = PBXBuildFile; fileRef = 3EFE32871B68A08E001A0FB7 /* ViewController.m */; };
		3EFE328D1B68A09D001A0FB7 /* GLPGSTestLocation.gpx in Resources */ = {isa = PBXBuildFile; fileRef = 3EFE328A1B68A09D001A0FB7 /* GLPGSTestLocation.gpx */; };
		3EFE328E1B68A09D001A0FB7 /* red-circle.png in Resources */ = {isa = PBXBuildFile; fileRef = 3EFE328C1B68A09D001A0FB7 /* red-circle.png */; };
/* End PBXBuildFile section */

/* Begin PBXContainerItemProxy section */
		3EDEC76F1B663643009FC4D8 /* PBXContainerItemProxy */ = {
			isa = PBXContainerItemProxy;
			containerPortal = 3EDEC74D1B663643009FC4D8 /* Project object */;
			proxyType = 1;
			remoteGlobalIDString = 3EDEC7541B663643009FC4D8;
			remoteInfo = GLPGSMapApp;
		};
/* End PBXContainerItemProxy section */

/* Begin PBXFileReference section */
		3E69C61F1B68BF1500BAD797 /* Iwamotocho-YodobashiCamera.gpx */ = {isa = PBXFileReference; lastKnownFileType = text.xml; path = "Iwamotocho-YodobashiCamera.gpx"; sourceTree = "<group>"; };
		3EDEC7551B663643009FC4D8 /* GLPGSMapApp.app */ = {isa = PBXFileReference; explicitFileType = wrapper.application; includeInIndex = 0; path = GLPGSMapApp.app; sourceTree = BUILT_PRODUCTS_DIR; };
		3EDEC7591B663643009FC4D8 /* Info.plist */ = {isa = PBXFileReference; lastKnownFileType = text.plist.xml; path = Info.plist; sourceTree = "<group>"; };
		3EDEC75A1B663643009FC4D8 /* main.m */ = {isa = PBXFileReference; lastKnownFileType = sourcecode.c.objc; path = main.m; sourceTree = "<group>"; };
		3EDEC75C1B663643009FC4D8 /* AppDelegate.h */ = {isa = PBXFileReference; lastKnownFileType = sourcecode.c.h; path = AppDelegate.h; sourceTree = "<group>"; };
		3EDEC75D1B663643009FC4D8 /* AppDelegate.m */ = {isa = PBXFileReference; lastKnownFileType = sourcecode.c.objc; path = AppDelegate.m; sourceTree = "<group>"; };
		3EDEC7631B663643009FC4D8 /* Base */ = {isa = PBXFileReference; lastKnownFileType = file.storyboard; name = Base; path = Base.lproj/Main.storyboard; sourceTree = "<group>"; };
		3EDEC7651B663643009FC4D8 /* Images.xcassets */ = {isa = PBXFileReference; lastKnownFileType = folder.assetcatalog; path = Images.xcassets; sourceTree = "<group>"; };
		3EDEC7681B663643009FC4D8 /* Base */ = {isa = PBXFileReference; lastKnownFileType = file.xib; name = Base; path = Base.lproj/LaunchScreen.xib; sourceTree = "<group>"; };
		3EDEC76E1B663643009FC4D8 /* GLPGSMapAppTests.xctest */ = {isa = PBXFileReference; explicitFileType = wrapper.cfbundle; includeInIndex = 0; path = GLPGSMapAppTests.xctest; sourceTree = BUILT_PRODUCTS_DIR; };
		3EDEC7731B663643009FC4D8 /* Info.plist */ = {isa = PBXFileReference; lastKnownFileType = text.plist.xml; path = Info.plist; sourceTree = "<group>"; };
		3EDEC7741B663643009FC4D8 /* GLPGSMapAppTests.m */ = {isa = PBXFileReference; lastKnownFileType = sourcecode.c.objc; path = GLPGSMapAppTests.m; sourceTree = "<group>"; };
		3EDEC77F1B663732009FC4D8 /* MapKit.framework */ = {isa = PBXFileReference; lastKnownFileType = wrapper.framework; name = MapKit.framework; path = System/Library/Frameworks/MapKit.framework; sourceTree = SDKROOT; };
		3EDEC7811B66374B009FC4D8 /* CoreLocation.framework */ = {isa = PBXFileReference; lastKnownFileType = wrapper.framework; name = CoreLocation.framework; path = System/Library/Frameworks/CoreLocation.framework; sourceTree = SDKROOT; };
		3EDEC7831B663750009FC4D8 /* QuartzCore.framework */ = {isa = PBXFileReference; lastKnownFileType = wrapper.framework; name = QuartzCore.framework; path = System/Library/Frameworks/QuartzCore.framework; sourceTree = SDKROOT; };
		3EFE32861B68A08E001A0FB7 /* ViewController.h */ = {isa = PBXFileReference; fileEncoding = 4; lastKnownFileType = sourcecode.c.h; path = ViewController.h; sourceTree = "<group>"; };
		3EFE32871B68A08E001A0FB7 /* ViewController.m */ = {isa = PBXFileReference; fileEncoding = 4; lastKnownFileType = sourcecode.c.objc; path = ViewController.m; sourceTree = "<group>"; };
		3EFE328A1B68A09D001A0FB7 /* GLPGSTestLocation.gpx */ = {isa = PBXFileReference; fileEncoding = 4; lastKnownFileType = text.xml; path = GLPGSTestLocation.gpx; sourceTree = "<group>"; };
		3EFE328C1B68A09D001A0FB7 /* red-circle.png */ = {isa = PBXFileReference; lastKnownFileType = image.png; path = "red-circle.png"; sourceTree = "<group>"; };
		3EFE32901B68A13C001A0FB7 /* Constants.h */ = {isa = PBXFileReference; lastKnownFileType = sourcecode.c.h; path = Constants.h; sourceTree = "<group>"; };
/* End PBXFileReference section */

/* Begin PBXFrameworksBuildPhase section */
		3EDEC7521B663643009FC4D8 /* Frameworks */ = {
			isa = PBXFrameworksBuildPhase;
			buildActionMask = 2147483647;
			files = (
				3EDEC7841B663750009FC4D8 /* QuartzCore.framework in Frameworks */,
				3EDEC7821B66374B009FC4D8 /* CoreLocation.framework in Frameworks */,
				3EDEC7801B663732009FC4D8 /* MapKit.framework in Frameworks */,
			);
			runOnlyForDeploymentPostprocessing = 0;
		};
		3EDEC76B1B663643009FC4D8 /* Frameworks */ = {
			isa = PBXFrameworksBuildPhase;
			buildActionMask = 2147483647;
			files = (
			);
			runOnlyForDeploymentPostprocessing = 0;
		};
/* End PBXFrameworksBuildPhase section */

/* Begin PBXGroup section */
		3EDEC74C1B663643009FC4D8 = {
			isa = PBXGroup;
			children = (
				3EDEC7571B663643009FC4D8 /* GLPGSMapApp */,
				3EDEC77E1B663723009FC4D8 /* Frameworks */,
				3EDEC7711B663643009FC4D8 /* GLPGSMapAppTests */,
				3EDEC7561B663643009FC4D8 /* Products */,
			);
			sourceTree = "<group>";
		};
		3EDEC7561B663643009FC4D8 /* Products */ = {
			isa = PBXGroup;
			children = (
				3EDEC7551B663643009FC4D8 /* GLPGSMapApp.app */,
				3EDEC76E1B663643009FC4D8 /* GLPGSMapAppTests.xctest */,
			);
			name = Products;
			sourceTree = "<group>";
		};
		3EDEC7571B663643009FC4D8 /* GLPGSMapApp */ = {
			isa = PBXGroup;
			children = (
				3EFE32831B68A08E001A0FB7 /* Classes */,
				3EE413831B67970100DC98A5 /* Resources */,
				3EDEC75C1B663643009FC4D8 /* AppDelegate.h */,
				3EDEC75D1B663643009FC4D8 /* AppDelegate.m */,
				3EDEC7621B663643009FC4D8 /* Main.storyboard */,
				3EDEC7651B663643009FC4D8 /* Images.xcassets */,
				3EDEC7671B663643009FC4D8 /* LaunchScreen.xib */,
				3EDEC7581B663643009FC4D8 /* Supporting Files */,
			);
			path = GLPGSMapApp;
			sourceTree = "<group>";
		};
		3EDEC7581B663643009FC4D8 /* Supporting Files */ = {
			isa = PBXGroup;
			children = (
				3EDEC7591B663643009FC4D8 /* Info.plist */,
				3EDEC75A1B663643009FC4D8 /* main.m */,
			);
			name = "Supporting Files";
			sourceTree = "<group>";
		};
		3EDEC7711B663643009FC4D8 /* GLPGSMapAppTests */ = {
			isa = PBXGroup;
			children = (
				3EDEC7741B663643009FC4D8 /* GLPGSMapAppTests.m */,
				3EDEC7721B663643009FC4D8 /* Supporting Files */,
			);
			path = GLPGSMapAppTests;
			sourceTree = "<group>";
		};
		3EDEC7721B663643009FC4D8 /* Supporting Files */ = {
			isa = PBXGroup;
			children = (
				3EDEC7731B663643009FC4D8 /* Info.plist */,
			);
			name = "Supporting Files";
			sourceTree = "<group>";
		};
		3EDEC77E1B663723009FC4D8 /* Frameworks */ = {
			isa = PBXGroup;
			children = (
				3EDEC7831B663750009FC4D8 /* QuartzCore.framework */,
				3EDEC7811B66374B009FC4D8 /* CoreLocation.framework */,
				3EDEC77F1B663732009FC4D8 /* MapKit.framework */,
			);
			name = Frameworks;
			sourceTree = "<group>";
		};
		3EE413831B67970100DC98A5 /* Resources */ = {
			isa = PBXGroup;
			children = (
				3EFE32891B68A09D001A0FB7 /* GPXFile */,
				3EFE328B1B68A09D001A0FB7 /* Images */,
			);
			path = Resources;
			sourceTree = "<group>";
		};
		3EFE32831B68A08E001A0FB7 /* Classes */ = {
			isa = PBXGroup;
			children = (
				3EFE32841B68A08E001A0FB7 /* Shared */,
				3EFE32851B68A08E001A0FB7 /* ViewControllers */,
			);
			path = Classes;
			sourceTree = "<group>";
		};
		3EFE32841B68A08E001A0FB7 /* Shared */ = {
			isa = PBXGroup;
			children = (
				3EFE32901B68A13C001A0FB7 /* Constants.h */,
			);
			path = Shared;
			sourceTree = "<group>";
		};
		3EFE32851B68A08E001A0FB7 /* ViewControllers */ = {
			isa = PBXGroup;
			children = (
				3EFE32861B68A08E001A0FB7 /* ViewController.h */,
				3EFE32871B68A08E001A0FB7 /* ViewController.m */,
			);
			path = ViewControllers;
			sourceTree = "<group>";
		};
		3EFE32891B68A09D001A0FB7 /* GPXFile */ = {
			isa = PBXGroup;
			children = (
				3EFE328A1B68A09D001A0FB7 /* GLPGSTestLocation.gpx */,
				3E69C61F1B68BF1500BAD797 /* Iwamotocho-YodobashiCamera.gpx */,
			);
			path = GPXFile;
			sourceTree = "<group>";
		};
		3EFE328B1B68A09D001A0FB7 /* Images */ = {
			isa = PBXGroup;
			children = (
				3EFE328C1B68A09D001A0FB7 /* red-circle.png */,
			);
			path = Images;
			sourceTree = "<group>";
		};
/* End PBXGroup section */

/* Begin PBXNativeTarget section */
		3EDEC7541B663643009FC4D8 /* GLPGSMapApp */ = {
			isa = PBXNativeTarget;
			buildConfigurationList = 3EDEC7781B663643009FC4D8 /* Build configuration list for PBXNativeTarget "GLPGSMapApp" */;
			buildPhases = (
				3EDEC7511B663643009FC4D8 /* Sources */,
				3EDEC7521B663643009FC4D8 /* Frameworks */,
				3EDEC7531B663643009FC4D8 /* Resources */,
			);
			buildRules = (
			);
			dependencies = (
			);
			name = GLPGSMapApp;
			productName = GLPGSMapApp;
			productReference = 3EDEC7551B663643009FC4D8 /* GLPGSMapApp.app */;
			productType = "com.apple.product-type.application";
		};
		3EDEC76D1B663643009FC4D8 /* GLPGSMapAppTests */ = {
			isa = PBXNativeTarget;
			buildConfigurationList = 3EDEC77B1B663643009FC4D8 /* Build configuration list for PBXNativeTarget "GLPGSMapAppTests" */;
			buildPhases = (
				3EDEC76A1B663643009FC4D8 /* Sources */,
				3EDEC76B1B663643009FC4D8 /* Frameworks */,
				3EDEC76C1B663643009FC4D8 /* Resources */,
			);
			buildRules = (
			);
			dependencies = (
				3EDEC7701B663643009FC4D8 /* PBXTargetDependency */,
			);
			name = GLPGSMapAppTests;
			productName = GLPGSMapAppTests;
			productReference = 3EDEC76E1B663643009FC4D8 /* GLPGSMapAppTests.xctest */;
			productType = "com.apple.product-type.bundle.unit-test";
		};
/* End PBXNativeTarget section */

/* Begin PBXProject section */
		3EDEC74D1B663643009FC4D8 /* Project object */ = {
			isa = PBXProject;
			attributes = {
				LastUpgradeCheck = 0610;
				ORGANIZATIONNAME = "Preety Pednekar";
				TargetAttributes = {
					3EDEC7541B663643009FC4D8 = {
						CreatedOnToolsVersion = 6.1.1;
					};
					3EDEC76D1B663643009FC4D8 = {
						CreatedOnToolsVersion = 6.1.1;
						TestTargetID = 3EDEC7541B663643009FC4D8;
					};
				};
			};
			buildConfigurationList = 3EDEC7501B663643009FC4D8 /* Build configuration list for PBXProject "GLPGSMapApp" */;
			compatibilityVersion = "Xcode 3.2";
			developmentRegion = English;
			hasScannedForEncodings = 0;
			knownRegions = (
				en,
				Base,
			);
			mainGroup = 3EDEC74C1B663643009FC4D8;
			productRefGroup = 3EDEC7561B663643009FC4D8 /* Products */;
			projectDirPath = "";
			projectRoot = "";
			targets = (
				3EDEC7541B663643009FC4D8 /* GLPGSMapApp */,
				3EDEC76D1B663643009FC4D8 /* GLPGSMapAppTests */,
			);
		};
/* End PBXProject section */

/* Begin PBXResourcesBuildPhase section */
		3EDEC7531B663643009FC4D8 /* Resources */ = {
			isa = PBXResourcesBuildPhase;
			buildActionMask = 2147483647;
			files = (
				3EFE328D1B68A09D001A0FB7 /* GLPGSTestLocation.gpx in Resources */,
				3EDEC7641B663643009FC4D8 /* Main.storyboard in Resources */,
				3EDEC7691B663643009FC4D8 /* LaunchScreen.xib in Resources */,
				3EDEC7661B663643009FC4D8 /* Images.xcassets in Resources */,
				3EFE328E1B68A09D001A0FB7 /* red-circle.png in Resources */,
			);
			runOnlyForDeploymentPostprocessing = 0;
		};
		3EDEC76C1B663643009FC4D8 /* Resources */ = {
			isa = PBXResourcesBuildPhase;
			buildActionMask = 2147483647;
			files = (
			);
			runOnlyForDeploymentPostprocessing = 0;
		};
/* End PBXResourcesBuildPhase section */

/* Begin PBXSourcesBuildPhase section */
		3EDEC7511B663643009FC4D8 /* Sources */ = {
			isa = PBXSourcesBuildPhase;
			buildActionMask = 2147483647;
			files = (
				3EFE32881B68A08E001A0FB7 /* ViewController.m in Sources */,
				3EDEC75E1B663643009FC4D8 /* AppDelegate.m in Sources */,
				3EDEC75B1B663643009FC4D8 /* main.m in Sources */,
			);
			runOnlyForDeploymentPostprocessing = 0;
		};
		3EDEC76A1B663643009FC4D8 /* Sources */ = {
			isa = PBXSourcesBuildPhase;
			buildActionMask = 2147483647;
			files = (
				3EDEC7751B663643009FC4D8 /* GLPGSMapAppTests.m in Sources */,
			);
			runOnlyForDeploymentPostprocessing = 0;
		};
/* End PBXSourcesBuildPhase section */

/* Begin PBXTargetDependency section */
		3EDEC7701B663643009FC4D8 /* PBXTargetDependency */ = {
			isa = PBXTargetDependency;
			target = 3EDEC7541B663643009FC4D8 /* GLPGSMapApp */;
			targetProxy = 3EDEC76F1B663643009FC4D8 /* PBXContainerItemProxy */;
		};
/* End PBXTargetDependency section */

/* Begin PBXVariantGroup section */
		3EDEC7621B663643009FC4D8 /* Main.storyboard */ = {
			isa = PBXVariantGroup;
			children = (
				3EDEC7631B663643009FC4D8 /* Base */,
			);
			name = Main.storyboard;
			sourceTree = "<group>";
		};
		3EDEC7671B663643009FC4D8 /* LaunchScreen.xib */ = {
			isa = PBXVariantGroup;
			children = (
				3EDEC7681B663643009FC4D8 /* Base */,
			);
			name = LaunchScreen.xib;
			sourceTree = "<group>";
		};
/* End PBXVariantGroup section */

/* Begin XCBuildConfiguration section */
		3EDEC7761B663643009FC4D8 /* Debug */ = {
			isa = XCBuildConfiguration;
			buildSettings = {
				ALWAYS_SEARCH_USER_PATHS = NO;
				CLANG_CXX_LANGUAGE_STANDARD = "gnu++0x";
				CLANG_CXX_LIBRARY = "libc++";
				CLANG_ENABLE_MODULES = YES;
				CLANG_ENABLE_OBJC_ARC = YES;
				CLANG_WARN_BOOL_CONVERSION = YES;
				CLANG_WARN_CONSTANT_CONVERSION = YES;
				CLANG_WARN_DIRECT_OBJC_ISA_USAGE = YES_ERROR;
				CLANG_WARN_EMPTY_BODY = YES;
				CLANG_WARN_ENUM_CONVERSION = YES;
				CLANG_WARN_INT_CONVERSION = YES;
				CLANG_WARN_OBJC_ROOT_CLASS = YES_ERROR;
				CLANG_WARN_UNREACHABLE_CODE = YES;
				CLANG_WARN__DUPLICATE_METHOD_MATCH = YES;
				"CODE_SIGN_IDENTITY[sdk=iphoneos*]" = "iPhone Developer";
				COPY_PHASE_STRIP = NO;
				ENABLE_STRICT_OBJC_MSGSEND = YES;
				GCC_C_LANGUAGE_STANDARD = gnu99;
				GCC_DYNAMIC_NO_PIC = NO;
				GCC_OPTIMIZATION_LEVEL = 0;
				GCC_PREPROCESSOR_DEFINITIONS = (
					"DEBUG=1",
					"$(inherited)",
				);
				GCC_SYMBOLS_PRIVATE_EXTERN = NO;
				GCC_WARN_64_TO_32_BIT_CONVERSION = YES;
				GCC_WARN_ABOUT_RETURN_TYPE = YES_ERROR;
				GCC_WARN_UNDECLARED_SELECTOR = YES;
				GCC_WARN_UNINITIALIZED_AUTOS = YES_AGGRESSIVE;
				GCC_WARN_UNUSED_FUNCTION = YES;
				GCC_WARN_UNUSED_VARIABLE = YES;
				IPHONEOS_DEPLOYMENT_TARGET = 8.1;
				MTL_ENABLE_DEBUG_INFO = YES;
				ONLY_ACTIVE_ARCH = YES;
				SDKROOT = iphoneos;
			};
			name = Debug;
		};
		3EDEC7771B663643009FC4D8 /* Release */ = {
			isa = XCBuildConfiguration;
			buildSettings = {
				ALWAYS_SEARCH_USER_PATHS = NO;
				CLANG_CXX_LANGUAGE_STANDARD = "gnu++0x";
				CLANG_CXX_LIBRARY = "libc++";
				CLANG_ENABLE_MODULES = YES;
				CLANG_ENABLE_OBJC_ARC = YES;
				CLANG_WARN_BOOL_CONVERSION = YES;
				CLANG_WARN_CONSTANT_CONVERSION = YES;
				CLANG_WARN_DIRECT_OBJC_ISA_USAGE = YES_ERROR;
				CLANG_WARN_EMPTY_BODY = YES;
				CLANG_WARN_ENUM_CONVERSION = YES;
				CLANG_WARN_INT_CONVERSION = YES;
				CLANG_WARN_OBJC_ROOT_CLASS = YES_ERROR;
				CLANG_WARN_UNREACHABLE_CODE = YES;
				CLANG_WARN__DUPLICATE_METHOD_MATCH = YES;
				"CODE_SIGN_IDENTITY[sdk=iphoneos*]" = "iPhone Developer";
				COPY_PHASE_STRIP = YES;
				ENABLE_NS_ASSERTIONS = NO;
				ENABLE_STRICT_OBJC_MSGSEND = YES;
				GCC_C_LANGUAGE_STANDARD = gnu99;
				GCC_WARN_64_TO_32_BIT_CONVERSION = YES;
				GCC_WARN_ABOUT_RETURN_TYPE = YES_ERROR;
				GCC_WARN_UNDECLARED_SELECTOR = YES;
				GCC_WARN_UNINITIALIZED_AUTOS = YES_AGGRESSIVE;
				GCC_WARN_UNUSED_FUNCTION = YES;
				GCC_WARN_UNUSED_VARIABLE = YES;
				IPHONEOS_DEPLOYMENT_TARGET = 8.1;
				MTL_ENABLE_DEBUG_INFO = NO;
				SDKROOT = iphoneos;
				VALIDATE_PRODUCT = YES;
			};
			name = Release;
		};
		3EDEC7791B663643009FC4D8 /* Debug */ = {
			isa = XCBuildConfiguration;
			buildSettings = {
				ASSETCATALOG_COMPILER_APPICON_NAME = AppIcon;
				INFOPLIST_FILE = GLPGSMapApp/Info.plist;
				LD_RUNPATH_SEARCH_PATHS = "$(inherited) @executable_path/Frameworks";
				PRODUCT_NAME = "$(TARGET_NAME)";
			};
			name = Debug;
		};
		3EDEC77A1B663643009FC4D8 /* Release */ = {
			isa = XCBuildConfiguration;
			buildSettings = {
				ASSETCATALOG_COMPILER_APPICON_NAME = AppIcon;
				INFOPLIST_FILE = GLPGSMapApp/Info.plist;
				LD_RUNPATH_SEARCH_PATHS = "$(inherited) @executable_path/Frameworks";
				PRODUCT_NAME = "$(TARGET_NAME)";
			};
			name = Release;
		};
		3EDEC77C1B663643009FC4D8 /* Debug */ = {
			isa = XCBuildConfiguration;
			buildSettings = {
				BUNDLE_LOADER = "$(TEST_HOST)";
				FRAMEWORK_SEARCH_PATHS = (
					"$(SDKROOT)/Developer/Library/Frameworks",
					"$(inherited)",
				);
				GCC_PREPROCESSOR_DEFINITIONS = (
					"DEBUG=1",
					"$(inherited)",
				);
				INFOPLIST_FILE = GLPGSMapAppTests/Info.plist;
				LD_RUNPATH_SEARCH_PATHS = "$(inherited) @executable_path/Frameworks @loader_path/Frameworks";
				PRODUCT_NAME = "$(TARGET_NAME)";
				TEST_HOST = "$(BUILT_PRODUCTS_DIR)/GLPGSMapApp.app/GLPGSMapApp";
			};
			name = Debug;
		};
		3EDEC77D1B663643009FC4D8 /* Release */ = {
			isa = XCBuildConfiguration;
			buildSettings = {
				BUNDLE_LOADER = "$(TEST_HOST)";
				FRAMEWORK_SEARCH_PATHS = (
					"$(SDKROOT)/Developer/Library/Frameworks",
					"$(inherited)",
				);
				INFOPLIST_FILE = GLPGSMapAppTests/Info.plist;
				LD_RUNPATH_SEARCH_PATHS = "$(inherited) @executable_path/Frameworks @loader_path/Frameworks";
				PRODUCT_NAME = "$(TARGET_NAME)";
				TEST_HOST = "$(BUILT_PRODUCTS_DIR)/GLPGSMapApp.app/GLPGSMapApp";
			};
			name = Release;
		};
/* End XCBuildConfiguration section */

/* Begin XCConfigurationList section */
		3EDEC7501B663643009FC4D8 /* Build configuration list for PBXProject "GLPGSMapApp" */ = {
			isa = XCConfigurationList;
			buildConfigurations = (
				3EDEC7761B663643009FC4D8 /* Debug */,
				3EDEC7771B663643009FC4D8 /* Release */,
			);
			defaultConfigurationIsVisible = 0;
			defaultConfigurationName = Release;
		};
		3EDEC7781B663643009FC4D8 /* Build configuration list for PBXNativeTarget "GLPGSMapApp" */ = {
			isa = XCConfigurationList;
			buildConfigurations = (
				3EDEC7791B663643009FC4D8 /* Debug */,
				3EDEC77A1B663643009FC4D8 /* Release */,
			);
			defaultConfigurationIsVisible = 0;
			defaultConfigurationName = Release;
		};
		3EDEC77B1B663643009FC4D8 /* Build configuration list for PBXNativeTarget "GLPGSMapAppTests" */ = {
			isa = XCConfigurationList;
			buildConfigurations = (
				3EDEC77C1B663643009FC4D8 /* Debug */,
				3EDEC77D1B663643009FC4D8 /* Release */,
			);
			defaultConfigurationIsVisible = 0;
			defaultConfigurationName = Release;
		};
/* End XCConfigurationList section */
	};
	rootObject = 3EDEC74D1B663643009FC4D8 /* Project object */;
}
